{
  "nodes": {
    "firefox-addons": {
      "inputs": {
        "flake-utils": "flake-utils",
        "nixpkgs": [
          "nixpkgs"
        ]
      },
      "locked": {
        "dir": "pkgs/firefox-addons",
        "lastModified": 1714985899,
        "narHash": "sha256-58viTFsLjdSqBZU0ioPKPWQhtJGWXK26wxPlLhQCBYU=",
        "owner": "rycee",
        "repo": "nur-expressions",
        "rev": "150362a3a5114e52e7618b0822d9fe7426951f41",
        "type": "gitlab"
      },
      "original": {
        "dir": "pkgs/firefox-addons",
        "owner": "rycee",
        "repo": "nur-expressions",
        "type": "gitlab"
      }
    },
    "flake-utils": {
      "locked": {
        "lastModified": 1629284811,
        "narHash": "sha256-JHgasjPR0/J1J3DRm4KxM4zTyAj4IOJY8vIl75v/kPI=",
        "owner": "numtide",
        "repo": "flake-utils",
        "rev": "c5d161cc0af116a2e17f54316f0bf43f0819785c",
        "type": "github"
      },
      "original": {
        "owner": "numtide",
        "repo": "flake-utils",
        "type": "github"
      }
    },
    "home-manager": {
      "inputs": {
        "nixpkgs": [
          "nixpkgs"
        ]
      },
      "locked": {
        "lastModified": 1714981474,
        "narHash": "sha256-b3/U21CJjCjJKmA9WqUbZGZgCvospO3ArOUTgJugkOY=",
        "owner": "nix-community",
        "repo": "home-manager",
        "rev": "6ebe7be2e67be7b9b54d61ce5704f6fb466c536f",
        "type": "github"
      },
      "original": {
        "owner": "nix-community",
        "repo": "home-manager",
        "type": "github"
      }
    },
    "nix-darwin": {
      "inputs": {
        "nixpkgs": [
          "nixpkgs"
        ]
      },
      "locked": {
        "lastModified": 1713946171,
        "narHash": "sha256-lc75rgRQLdp4Dzogv5cfqOg6qYc5Rp83oedF2t0kDp8=",
        "owner": "LnL7",
        "repo": "nix-darwin",
        "rev": "230a197063de9287128e2c68a7a4b0cd7d0b50a7",
        "type": "github"
      },
      "original": {
        "owner": "LnL7",
        "repo": "nix-darwin",
        "type": "github"
      }
    },
    "nixpkgs": {
      "locked": {
        "lastModified": 1714906307,
        "narHash": "sha256-UlRZtrCnhPFSJlDQE7M0eyhgvuuHBTe1eJ9N9AQlJQ0=",
        "owner": "nixos",
        "repo": "nixpkgs",
        "rev": "25865a40d14b3f9cf19f19b924e2ab4069b09588",
        "type": "github"
      },
      "original": {
        "owner": "nixos",
        "ref": "nixos-unstable",
        "repo": "nixpkgs",
        "type": "github"
      }
    },
    "nixpkgs-firefox-darwin": {
      "inputs": {
        "nixpkgs": "nixpkgs_2"
      },
      "locked": {
        "lastModified": 1714956243,
        "narHash": "sha256-ShNqZ1L73vnEAbmffCq/rbK2QZ180k8pw/ScGDblIAc=",
        "owner": "bandithedoge",
        "repo": "nixpkgs-firefox-darwin",
        "rev": "8865626353ac6729c0b27213862d68cf3229a572",
        "type": "github"
      },
      "original": {
        "owner": "bandithedoge",
        "repo": "nixpkgs-firefox-darwin",
        "type": "github"
      }
    },
    "nixpkgs_2": {
      "locked": {
        "lastModified": 1639237670,
        "narHash": "sha256-RTdL4rEQcgaZGpvtDgkp3oK/V+1LM3I53n0ACPSroAQ=",
        "owner": "NixOS",
        "repo": "nixpkgs",
        "rev": "edfb969386ebe6c3cf8f878775a7975cd88f926d",
        "type": "github"
      },
      "original": {
        "owner": "NixOS",
        "ref": "master",
        "repo": "nixpkgs",
        "type": "github"
      }
    },
    "nurpkgs": {
      "locked": {
        "lastModified": 1714987083,
        "narHash": "sha256-C39qsRNxhoW82UP6LbuL2bgKWJtIJwR1wTPLjbbHtTU=",
        "owner": "nix-community",
        "repo": "NUR",
        "rev": "7b38409c3333b8eaf4fde0ee07ca95c7330d6584",
        "type": "github"
      },
      "original": {
        "owner": "nix-community",
        "repo": "NUR",
        "type": "github"
      }
    },
    "root": {
      "inputs": {
        "firefox-addons": "firefox-addons",
        "home-manager": "home-manager",
        "nix-darwin": "nix-darwin",
        "nixpkgs": "nixpkgs",
        "nixpkgs-firefox-darwin": "nixpkgs-firefox-darwin",
        "nurpkgs": "nurpkgs"
      }
    }
  },
  "root": "root",
  "version": 7
}
